
Microsoft Visual Studio Solution File, Format Version 12.00
# Visual Studio Version 17
VisualStudioVersion = 17.8.34525.116
MinimumVisualStudioVersion = 10.0.40219.1
Project("{9A19103F-16F7-4668-BE54-9A1E7A4F7556}") = "HistoricalMonumentsWebApplication", "HistoricalMonumentsWebApplication\HistoricalMonumentsWebApplication.csproj", "{7307C2E1-4295-4C27-AB0E-61A058B8AB7F}"
EndProject
Global
	GlobalSection(SolutionConfigurationPlatforms) = preSolution
		Debug|Any CPU = Debug|Any CPU
		Release|Any CPU = Release|Any CPU
	EndGlobalSection
	GlobalSection(ProjectConfigurationPlatforms) = postSolution
		{7307C2E1-4295-4C27-AB0E-61A058B8AB7F}.Debug|Any CPU.ActiveCfg = Debug|Any CPU
		{7307C2E1-4295-4C27-AB0E-61A058B8AB7F}.Debug|Any CPU.Build.0 = Debug|Any CPU
		{7307C2E1-4295-4C27-AB0E-61A058B8AB7F}.Release|Any CPU.ActiveCfg = Release|Any CPU
		{7307C2E1-4295-4C27-AB0E-61A058B8AB7F}.Release|Any CPU.Build.0 = Release|Any CPU
	EndGlobalSection
	GlobalSection(SolutionProperties) = preSolution
		HideSolutionNode = FALSE
	EndGlobalSection
	GlobalSection(ExtensibilityGlobals) = postSolution
		SolutionGuid = {ABB6B43D-73A6-4ADD-B4F6-A1E0EB44E653}
	EndGlobalSection
EndGlobal
